
Microsoft Visual Studio Solution File, Format Version 12.00
# Visual Studio 2013
VisualStudioVersion = 12.0.21005.1
MinimumVisualStudioVersion = 10.0.40219.1
Project("{FAE04EC0-301F-11D3-BF4B-00C04F79EFBC}") = "Lenic.Web.WebApi", "WebApi\WebApi\Lenic.Web.WebApi.csproj", "{CEB74FA4-E62D-4A01-825E-905648BF71BE}"
EndProject
Project("{FAE04EC0-301F-11D3-BF4B-00C04F79EFBC}") = "Lenic.Web.WebApi.Client", "WebApi\WebApi.Client\Lenic.Web.WebApi.Client.csproj", "{A6F6F0FE-A19E-44A2-8725-BBFD9EDD6938}"
EndProject
Project("{FAE04EC0-301F-11D3-BF4B-00C04F79EFBC}") = "Lenic.Web.WebApi.Services", "WebApi\WebApi.Services\Lenic.Web.WebApi.Services.csproj", "{469AAAED-D916-46A8-8F7A-5C1E6655DC2A}"
EndProject
Project("{2150E333-8FDC-42A3-9474-1A3956D46DE8}") = ".nuget", ".nuget", "{8105A23D-C055-4C70-ADA1-1D69F9E89B1E}"
	ProjectSection(SolutionItems) = preProject
		.nuget\NuGet.Config = .nuget\NuGet.Config
		.nuget\NuGet.exe = .nuget\NuGet.exe
		.nuget\NuGet.targets = .nuget\NuGet.targets
	EndProjectSection
EndProject
Project("{2150E333-8FDC-42A3-9474-1A3956D46DE8}") = "Test", "Test", "{C249EB03-6DBE-47CD-A6A5-FEEC2F2A5E5D}"
EndProject
Project("{FAE04EC0-301F-11D3-BF4B-00C04F79EFBC}") = "WebApiDemo", "WebApi\Test\WebApiDemo\WebApiDemo.csproj", "{02878655-8F63-42A4-8446-FCC9AD924CB4}"
EndProject
Project("{FAE04EC0-301F-11D3-BF4B-00C04F79EFBC}") = "Lenic.Web.WebApi.WebHost", "WebApi\WebApi.WebHost\Lenic.Web.WebApi.WebHost.csproj", "{9D8FFD51-59EA-4A73-BCF5-EFF71D453079}"
EndProject
Project("{FAE04EC0-301F-11D3-BF4B-00C04F79EFBC}") = "WebApiDemo.PlugIn", "WebApi\Test\WebApiDemo.PlugIn\WebApiDemo.PlugIn.csproj", "{601DE60A-5637-47CC-96CB-3049D3FEE9DE}"
EndProject
Project("{FAE04EC0-301F-11D3-BF4B-00C04F79EFBC}") = "WebApiDemo.Client", "WebApi\Test\WebApiDemo.Client\WebApiDemo.Client.csproj", "{E79EADFF-1118-4F3A-A9E7-405882042529}"
EndProject
Project("{FAE04EC0-301F-11D3-BF4B-00C04F79EFBC}") = "Lenic.Web.WebApi.Authorization", "WebApi\WebApi.Authorization\Lenic.Web.WebApi.Authorization.csproj", "{0D19DB26-C1F4-4880-AE76-0070AF6CF49D}"
EndProject
Project("{FAE04EC0-301F-11D3-BF4B-00C04F79EFBC}") = "WebApiDemo.PlugIn.Models", "WebApi\Test\WebApiDemo.PlugIn.Models\WebApiDemo.PlugIn.Models.csproj", "{AD01E720-7A9A-4ECC-892C-2815C83847B2}"
EndProject
Project("{FAE04EC0-301F-11D3-BF4B-00C04F79EFBC}") = "Lenic.Web.WebApi.Helper", "WebApi\Helper\Lenic.Web.WebApi.Helper.csproj", "{6DC731E1-4DAB-4955-A0AA-EADADFE164DD}"
EndProject
Project("{FAE04EC0-301F-11D3-BF4B-00C04F79EFBC}") = "Lenic.Web.WebApi.OData", "WebApi\OData\Lenic.Web.WebApi.OData.csproj", "{19052053-24AE-489F-95FA-491AE93CAB5F}"
EndProject
Project("{FAE04EC0-301F-11D3-BF4B-00C04F79EFBC}") = "Lenic.Web.WebApi.Authorization.RequestValidator", "WebApi\RequestValidator\Lenic.Web.WebApi.Authorization.RequestValidator.csproj", "{C350A414-795B-4F31-BD59-B899E907A360}"
EndProject
Project("{FAE04EC0-301F-11D3-BF4B-00C04F79EFBC}") = "Lenic.Web.WebApi.HttpBinding", "WebApi\Common\Lenic.Web.WebApi.HttpBinding.csproj", "{7CB795B9-71C1-48A9-9D95-D2E505AA265E}"
EndProject
Project("{2150E333-8FDC-42A3-9474-1A3956D46DE8}") = "Toolkit", "Toolkit", "{A756483B-DDB0-4916-AD4A-E060D1D2F4FE}"
EndProject
Project("{FAE04EC0-301F-11D3-BF4B-00C04F79EFBC}") = "Lenic.Web.WebApi.Expressions", "WebApi\Expressions\Lenic.Web.WebApi.Expressions.csproj", "{3E7FCE28-7D84-4089-BA8A-6C3021722B73}"
EndProject
Project("{2150E333-8FDC-42A3-9474-1A3956D46DE8}") = "Authorization", "Authorization", "{925BAA58-4158-4D51-AC52-AF4C6181CAD9}"
EndProject
Project("{2150E333-8FDC-42A3-9474-1A3956D46DE8}") = "Core", "Core", "{7726BDCC-4AAC-46BB-9F29-08CAB832A809}"
EndProject
Project("{2150E333-8FDC-42A3-9474-1A3956D46DE8}") = "OData", "OData", "{375F65AB-F358-4642-8FD0-5877ECA746A9}"
EndProject
Project("{2150E333-8FDC-42A3-9474-1A3956D46DE8}") = "Client", "Client", "{048DFA1D-25F6-49DE-AAD7-2337A8D4A757}"
EndProject
Project("{FAE04EC0-301F-11D3-BF4B-00C04F79EFBC}") = "Lenic.Framework.Common", "WebApi\Lenic.Framework.Common\Lenic.Framework.Common.csproj", "{D11E57F4-68E2-4C9B-B0D0-D2FDEF8B7560}"
EndProject
Project("{FAE04EC0-301F-11D3-BF4B-00C04F79EFBC}") = "Lenic.Framework.Caching", "WebApi\Lenic.Framework.Caching\Lenic.Framework.Caching.csproj", "{C51CBAB7-E383-4923-B48D-C613096CF652}"
EndProject
Global
	GlobalSection(SolutionConfigurationPlatforms) = preSolution
		Debug|Any CPU = Debug|Any CPU
		Release|Any CPU = Release|Any CPU
	EndGlobalSection
	GlobalSection(ProjectConfigurationPlatforms) = postSolution
		{CEB74FA4-E62D-4A01-825E-905648BF71BE}.Debug|Any CPU.ActiveCfg = Debug|Any CPU
		{CEB74FA4-E62D-4A01-825E-905648BF71BE}.Debug|Any CPU.Build.0 = Debug|Any CPU
		{CEB74FA4-E62D-4A01-825E-905648BF71BE}.Release|Any CPU.ActiveCfg = Release|Any CPU
		{CEB74FA4-E62D-4A01-825E-905648BF71BE}.Release|Any CPU.Build.0 = Release|Any CPU
		{A6F6F0FE-A19E-44A2-8725-BBFD9EDD6938}.Debug|Any CPU.ActiveCfg = Debug|Any CPU
		{A6F6F0FE-A19E-44A2-8725-BBFD9EDD6938}.Debug|Any CPU.Build.0 = Debug|Any CPU
		{A6F6F0FE-A19E-44A2-8725-BBFD9EDD6938}.Release|Any CPU.ActiveCfg = Release|Any CPU
		{A6F6F0FE-A19E-44A2-8725-BBFD9EDD6938}.Release|Any CPU.Build.0 = Release|Any CPU
		{469AAAED-D916-46A8-8F7A-5C1E6655DC2A}.Debug|Any CPU.ActiveCfg = Debug|Any CPU
		{469AAAED-D916-46A8-8F7A-5C1E6655DC2A}.Debug|Any CPU.Build.0 = Debug|Any CPU
		{469AAAED-D916-46A8-8F7A-5C1E6655DC2A}.Release|Any CPU.ActiveCfg = Release|Any CPU
		{469AAAED-D916-46A8-8F7A-5C1E6655DC2A}.Release|Any CPU.Build.0 = Release|Any CPU
		{02878655-8F63-42A4-8446-FCC9AD924CB4}.Debug|Any CPU.ActiveCfg = Debug|Any CPU
		{02878655-8F63-42A4-8446-FCC9AD924CB4}.Debug|Any CPU.Build.0 = Debug|Any CPU
		{02878655-8F63-42A4-8446-FCC9AD924CB4}.Release|Any CPU.ActiveCfg = Release|Any CPU
		{02878655-8F63-42A4-8446-FCC9AD924CB4}.Release|Any CPU.Build.0 = Release|Any CPU
		{9D8FFD51-59EA-4A73-BCF5-EFF71D453079}.Debug|Any CPU.ActiveCfg = Debug|Any CPU
		{9D8FFD51-59EA-4A73-BCF5-EFF71D453079}.Debug|Any CPU.Build.0 = Debug|Any CPU
		{9D8FFD51-59EA-4A73-BCF5-EFF71D453079}.Release|Any CPU.ActiveCfg = Release|Any CPU
		{9D8FFD51-59EA-4A73-BCF5-EFF71D453079}.Release|Any CPU.Build.0 = Release|Any CPU
		{601DE60A-5637-47CC-96CB-3049D3FEE9DE}.Debug|Any CPU.ActiveCfg = Debug|Any CPU
		{601DE60A-5637-47CC-96CB-3049D3FEE9DE}.Debug|Any CPU.Build.0 = Debug|Any CPU
		{601DE60A-5637-47CC-96CB-3049D3FEE9DE}.Release|Any CPU.ActiveCfg = Release|Any CPU
		{601DE60A-5637-47CC-96CB-3049D3FEE9DE}.Release|Any CPU.Build.0 = Release|Any CPU
		{E79EADFF-1118-4F3A-A9E7-405882042529}.Debug|Any CPU.ActiveCfg = Debug|Any CPU
		{E79EADFF-1118-4F3A-A9E7-405882042529}.Debug|Any CPU.Build.0 = Debug|Any CPU
		{E79EADFF-1118-4F3A-A9E7-405882042529}.Release|Any CPU.ActiveCfg = Release|Any CPU
		{E79EADFF-1118-4F3A-A9E7-405882042529}.Release|Any CPU.Build.0 = Release|Any CPU
		{0D19DB26-C1F4-4880-AE76-0070AF6CF49D}.Debug|Any CPU.ActiveCfg = Debug|Any CPU
		{0D19DB26-C1F4-4880-AE76-0070AF6CF49D}.Debug|Any CPU.Build.0 = Debug|Any CPU
		{0D19DB26-C1F4-4880-AE76-0070AF6CF49D}.Release|Any CPU.ActiveCfg = Release|Any CPU
		{0D19DB26-C1F4-4880-AE76-0070AF6CF49D}.Release|Any CPU.Build.0 = Release|Any CPU
		{AD01E720-7A9A-4ECC-892C-2815C83847B2}.Debug|Any CPU.ActiveCfg = Debug|Any CPU
		{AD01E720-7A9A-4ECC-892C-2815C83847B2}.Debug|Any CPU.Build.0 = Debug|Any CPU
		{AD01E720-7A9A-4ECC-892C-2815C83847B2}.Release|Any CPU.ActiveCfg = Release|Any CPU
		{AD01E720-7A9A-4ECC-892C-2815C83847B2}.Release|Any CPU.Build.0 = Release|Any CPU
		{6DC731E1-4DAB-4955-A0AA-EADADFE164DD}.Debug|Any CPU.ActiveCfg = Debug|Any CPU
		{6DC731E1-4DAB-4955-A0AA-EADADFE164DD}.Debug|Any CPU.Build.0 = Debug|Any CPU
		{6DC731E1-4DAB-4955-A0AA-EADADFE164DD}.Release|Any CPU.ActiveCfg = Release|Any CPU
		{6DC731E1-4DAB-4955-A0AA-EADADFE164DD}.Release|Any CPU.Build.0 = Release|Any CPU
		{19052053-24AE-489F-95FA-491AE93CAB5F}.Debug|Any CPU.ActiveCfg = Debug|Any CPU
		{19052053-24AE-489F-95FA-491AE93CAB5F}.Debug|Any CPU.Build.0 = Debug|Any CPU
		{19052053-24AE-489F-95FA-491AE93CAB5F}.Release|Any CPU.ActiveCfg = Release|Any CPU
		{19052053-24AE-489F-95FA-491AE93CAB5F}.Release|Any CPU.Build.0 = Release|Any CPU
		{C350A414-795B-4F31-BD59-B899E907A360}.Debug|Any CPU.ActiveCfg = Debug|Any CPU
		{C350A414-795B-4F31-BD59-B899E907A360}.Debug|Any CPU.Build.0 = Debug|Any CPU
		{C350A414-795B-4F31-BD59-B899E907A360}.Release|Any CPU.ActiveCfg = Release|Any CPU
		{C350A414-795B-4F31-BD59-B899E907A360}.Release|Any CPU.Build.0 = Release|Any CPU
		{7CB795B9-71C1-48A9-9D95-D2E505AA265E}.Debug|Any CPU.ActiveCfg = Debug|Any CPU
		{7CB795B9-71C1-48A9-9D95-D2E505AA265E}.Debug|Any CPU.Build.0 = Debug|Any CPU
		{7CB795B9-71C1-48A9-9D95-D2E505AA265E}.Release|Any CPU.ActiveCfg = Release|Any CPU
		{7CB795B9-71C1-48A9-9D95-D2E505AA265E}.Release|Any CPU.Build.0 = Release|Any CPU
		{3E7FCE28-7D84-4089-BA8A-6C3021722B73}.Debug|Any CPU.ActiveCfg = Debug|Any CPU
		{3E7FCE28-7D84-4089-BA8A-6C3021722B73}.Debug|Any CPU.Build.0 = Debug|Any CPU
		{3E7FCE28-7D84-4089-BA8A-6C3021722B73}.Release|Any CPU.ActiveCfg = Release|Any CPU
		{3E7FCE28-7D84-4089-BA8A-6C3021722B73}.Release|Any CPU.Build.0 = Release|Any CPU
		{D11E57F4-68E2-4C9B-B0D0-D2FDEF8B7560}.Debug|Any CPU.ActiveCfg = Debug|Any CPU
		{D11E57F4-68E2-4C9B-B0D0-D2FDEF8B7560}.Debug|Any CPU.Build.0 = Debug|Any CPU
		{D11E57F4-68E2-4C9B-B0D0-D2FDEF8B7560}.Release|Any CPU.ActiveCfg = Release|Any CPU
		{D11E57F4-68E2-4C9B-B0D0-D2FDEF8B7560}.Release|Any CPU.Build.0 = Release|Any CPU
		{C51CBAB7-E383-4923-B48D-C613096CF652}.Debug|Any CPU.ActiveCfg = Debug|Any CPU
		{C51CBAB7-E383-4923-B48D-C613096CF652}.Debug|Any CPU.Build.0 = Debug|Any CPU
		{C51CBAB7-E383-4923-B48D-C613096CF652}.Release|Any CPU.ActiveCfg = Release|Any CPU
		{C51CBAB7-E383-4923-B48D-C613096CF652}.Release|Any CPU.Build.0 = Release|Any CPU
	EndGlobalSection
	GlobalSection(SolutionProperties) = preSolution
		HideSolutionNode = FALSE
	EndGlobalSection
	GlobalSection(NestedProjects) = preSolution
		{469AAAED-D916-46A8-8F7A-5C1E6655DC2A} = {7726BDCC-4AAC-46BB-9F29-08CAB832A809}
		{9D8FFD51-59EA-4A73-BCF5-EFF71D453079} = {7726BDCC-4AAC-46BB-9F29-08CAB832A809}
		{CEB74FA4-E62D-4A01-825E-905648BF71BE} = {7726BDCC-4AAC-46BB-9F29-08CAB832A809}
		{D11E57F4-68E2-4C9B-B0D0-D2FDEF8B7560} = {7726BDCC-4AAC-46BB-9F29-08CAB832A809}
		{C51CBAB7-E383-4923-B48D-C613096CF652} = {7726BDCC-4AAC-46BB-9F29-08CAB832A809}
		{7CB795B9-71C1-48A9-9D95-D2E505AA265E} = {048DFA1D-25F6-49DE-AAD7-2337A8D4A757}
		{A6F6F0FE-A19E-44A2-8725-BBFD9EDD6938} = {048DFA1D-25F6-49DE-AAD7-2337A8D4A757}
		{02878655-8F63-42A4-8446-FCC9AD924CB4} = {C249EB03-6DBE-47CD-A6A5-FEEC2F2A5E5D}
		{601DE60A-5637-47CC-96CB-3049D3FEE9DE} = {C249EB03-6DBE-47CD-A6A5-FEEC2F2A5E5D}
		{E79EADFF-1118-4F3A-A9E7-405882042529} = {C249EB03-6DBE-47CD-A6A5-FEEC2F2A5E5D}
		{AD01E720-7A9A-4ECC-892C-2815C83847B2} = {C249EB03-6DBE-47CD-A6A5-FEEC2F2A5E5D}
		{C350A414-795B-4F31-BD59-B899E907A360} = {925BAA58-4158-4D51-AC52-AF4C6181CAD9}
		{0D19DB26-C1F4-4880-AE76-0070AF6CF49D} = {925BAA58-4158-4D51-AC52-AF4C6181CAD9}
		{6DC731E1-4DAB-4955-A0AA-EADADFE164DD} = {A756483B-DDB0-4916-AD4A-E060D1D2F4FE}
		{3E7FCE28-7D84-4089-BA8A-6C3021722B73} = {375F65AB-F358-4642-8FD0-5877ECA746A9}
		{19052053-24AE-489F-95FA-491AE93CAB5F} = {375F65AB-F358-4642-8FD0-5877ECA746A9}
	EndGlobalSection
	GlobalSection(ExtensibilityGlobals) = postSolution
		EnterpriseLibraryConfigurationToolBinariesPath = packages\Unity.2.1.505.2\lib\NET35
	EndGlobalSection
EndGlobal
